// !$*UTF8*$!
{
	archiveVersion = 1;
	classes = {
	};
	objectVersion = 56;
	objects = {

/* Begin PBXBuildFile section */
		DD7803BD2BA8D513007770A1 /* AppDelegate.swift in Sources */ = {isa = PBXBuildFile; fileRef = DD7803BC2BA8D513007770A1 /* AppDelegate.swift */; };
		DD7803BF2BA8D513007770A1 /* SceneDelegate.swift in Sources */ = {isa = PBXBuildFile; fileRef = DD7803BE2BA8D513007770A1 /* SceneDelegate.swift */; };
		DD7803C62BA8D515007770A1 /* Assets.xcassets in Resources */ = {isa = PBXBuildFile; fileRef = DD7803C52BA8D515007770A1 /* Assets.xcassets */; };
		DD7803C92BA8D515007770A1 /* Base in Resources */ = {isa = PBXBuildFile; fileRef = DD7803C82BA8D515007770A1 /* Base */; };
		DD7803D12BA8D63D007770A1 /* InfoViewController.swift in Sources */ = {isa = PBXBuildFile; fileRef = DD7803D02BA8D63D007770A1 /* InfoViewController.swift */; };
		DD7803D32BA8D656007770A1 /* MyHabitsViewController.swift in Sources */ = {isa = PBXBuildFile; fileRef = DD7803D22BA8D656007770A1 /* MyHabitsViewController.swift */; };
		DD7803D92BAA37B3007770A1 /* Info.swift in Sources */ = {isa = PBXBuildFile; fileRef = DD7803D82BAA37B3007770A1 /* Info.swift */; };
		DD7803DC2BAB1953007770A1 /* TabViewController.swift in Sources */ = {isa = PBXBuildFile; fileRef = DD7803DB2BAB1953007770A1 /* TabViewController.swift */; };
		DD7803E52BAB1CBD007770A1 /* HabitsStore.swift in Sources */ = {isa = PBXBuildFile; fileRef = DD7803E42BAB1CBD007770A1 /* HabitsStore.swift */; };
		DD7803E92BACBE65007770A1 /* DetailsHabitsViewController.swift in Sources */ = {isa = PBXBuildFile; fileRef = DD7803E82BACBE65007770A1 /* DetailsHabitsViewController.swift */; };
		DD7803EE2BACD7A6007770A1 /* CreateHabitsViewController.swift in Sources */ = {isa = PBXBuildFile; fileRef = DD7803ED2BACD7A6007770A1 /* CreateHabitsViewController.swift */; };
		DD7803F02BACD846007770A1 /* HabitsViewController.swift in Sources */ = {isa = PBXBuildFile; fileRef = DD7803EF2BACD845007770A1 /* HabitsViewController.swift */; };
		DDCBFDBF2BADFD8A002E8FA0 /* ProgressCollectionViewCell.swift in Sources */ = {isa = PBXBuildFile; fileRef = DDCBFDBE2BADFD8A002E8FA0 /* ProgressCollectionViewCell.swift */; };
		DDCBFDC22BADFE0E002E8FA0 /* Extentions.swift in Sources */ = {isa = PBXBuildFile; fileRef = DDCBFDC12BADFE0E002E8FA0 /* Extentions.swift */; };
		DDCBFDC42BAE151F002E8FA0 /* MyHabitsCollectionViewCell.swift in Sources */ = {isa = PBXBuildFile; fileRef = DDCBFDC32BAE151F002E8FA0 /* MyHabitsCollectionViewCell.swift */; };
/* End PBXBuildFile section */

/* Begin PBXFileReference section */
		DD7803B92BA8D513007770A1 /* MyHabits.app */ = {isa = PBXFileReference; explicitFileType = wrapper.application; includeInIndex = 0; path = MyHabits.app; sourceTree = BUILT_PRODUCTS_DIR; };
		DD7803BC2BA8D513007770A1 /* AppDelegate.swift */ = {isa = PBXFileReference; lastKnownFileType = sourcecode.swift; path = AppDelegate.swift; sourceTree = "<group>"; };
		DD7803BE2BA8D513007770A1 /* SceneDelegate.swift */ = {isa = PBXFileReference; lastKnownFileType = sourcecode.swift; path = SceneDelegate.swift; sourceTree = "<group>"; };
		DD7803C52BA8D515007770A1 /* Assets.xcassets */ = {isa = PBXFileReference; lastKnownFileType = folder.assetcatalog; path = Assets.xcassets; sourceTree = "<group>"; };
		DD7803C82BA8D515007770A1 /* Base */ = {isa = PBXFileReference; lastKnownFileType = file.storyboard; name = Base; path = Base.lproj/LaunchScreen.storyboard; sourceTree = "<group>"; };
		DD7803CA2BA8D515007770A1 /* Info.plist */ = {isa = PBXFileReference; lastKnownFileType = text.plist.xml; path = Info.plist; sourceTree = "<group>"; };
		DD7803D02BA8D63D007770A1 /* InfoViewController.swift */ = {isa = PBXFileReference; lastKnownFileType = sourcecode.swift; path = InfoViewController.swift; sourceTree = "<group>"; };
		DD7803D22BA8D656007770A1 /* MyHabitsViewController.swift */ = {isa = PBXFileReference; lastKnownFileType = sourcecode.swift; path = MyHabitsViewController.swift; sourceTree = "<group>"; };
		DD7803D82BAA37B3007770A1 /* Info.swift */ = {isa = PBXFileReference; lastKnownFileType = sourcecode.swift; path = Info.swift; sourceTree = "<group>"; };
		DD7803DB2BAB1953007770A1 /* TabViewController.swift */ = {isa = PBXFileReference; lastKnownFileType = sourcecode.swift; path = TabViewController.swift; sourceTree = "<group>"; };
		DD7803E42BAB1CBD007770A1 /* HabitsStore.swift */ = {isa = PBXFileReference; fileEncoding = 4; lastKnownFileType = sourcecode.swift; name = HabitsStore.swift; path = "../../../../iosui-diplom-main/HabitsStore.swift"; sourceTree = "<group>"; };
		DD7803E82BACBE65007770A1 /* DetailsHabitsViewController.swift */ = {isa = PBXFileReference; lastKnownFileType = sourcecode.swift; path = DetailsHabitsViewController.swift; sourceTree = "<group>"; };
		DD7803ED2BACD7A6007770A1 /* CreateHabitsViewController.swift */ = {isa = PBXFileReference; lastKnownFileType = sourcecode.swift; path = CreateHabitsViewController.swift; sourceTree = "<group>"; };
		DD7803EF2BACD845007770A1 /* HabitsViewController.swift */ = {isa = PBXFileReference; lastKnownFileType = sourcecode.swift; path = HabitsViewController.swift; sourceTree = "<group>"; };
		DDCBFDBE2BADFD8A002E8FA0 /* ProgressCollectionViewCell.swift */ = {isa = PBXFileReference; lastKnownFileType = sourcecode.swift; path = ProgressCollectionViewCell.swift; sourceTree = "<group>"; };
		DDCBFDC12BADFE0E002E8FA0 /* Extentions.swift */ = {isa = PBXFileReference; lastKnownFileType = sourcecode.swift; path = Extentions.swift; sourceTree = "<group>"; };
		DDCBFDC32BAE151F002E8FA0 /* MyHabitsCollectionViewCell.swift */ = {isa = PBXFileReference; lastKnownFileType = sourcecode.swift; path = MyHabitsCollectionViewCell.swift; sourceTree = "<group>"; };
/* End PBXFileReference section */

/* Begin PBXFrameworksBuildPhase section */
		DD7803B62BA8D513007770A1 /* Frameworks */ = {
			isa = PBXFrameworksBuildPhase;
			buildActionMask = 2147483647;
			files = (
			);
			runOnlyForDeploymentPostprocessing = 0;
		};
/* End PBXFrameworksBuildPhase section */

/* Begin PBXGroup section */
		DD7803B02BA8D513007770A1 = {
			isa = PBXGroup;
			children = (
				DD7803BB2BA8D513007770A1 /* MyHabits */,
				DD7803BA2BA8D513007770A1 /* Products */,
			);
			sourceTree = "<group>";
		};
		DD7803BA2BA8D513007770A1 /* Products */ = {
			isa = PBXGroup;
			children = (
				DD7803B92BA8D513007770A1 /* MyHabits.app */,
			);
			name = Products;
			sourceTree = "<group>";
		};
		DD7803BB2BA8D513007770A1 /* MyHabits */ = {
			isa = PBXGroup;
			children = (
				DD7803DE2BAB1BEB007770A1 /* Modules */,
				DD7803DF2BAB1BFD007770A1 /* TabBar */,
				DD7803C52BA8D515007770A1 /* Assets.xcassets */,
				DD7803C72BA8D515007770A1 /* LaunchScreen.storyboard */,
				DD7803CA2BA8D515007770A1 /* Info.plist */,
			);
			path = MyHabits;
			sourceTree = "<group>";
		};
		DD7803DA2BAB1498007770A1 /* AppDelegate */ = {
			isa = PBXGroup;
			children = (
				DD7803BC2BA8D513007770A1 /* AppDelegate.swift */,
				DD7803BE2BA8D513007770A1 /* SceneDelegate.swift */,
			);
			path = AppDelegate;
			sourceTree = "<group>";
		};
		DD7803DD2BAB1BD8007770A1 /* HabitsFlow */ = {
			isa = PBXGroup;
			children = (
				DD7803E42BAB1CBD007770A1 /* HabitsStore.swift */,
				DD7803D22BA8D656007770A1 /* MyHabitsViewController.swift */,
				DDCBFDC32BAE151F002E8FA0 /* MyHabitsCollectionViewCell.swift */,
				DD7803EF2BACD845007770A1 /* HabitsViewController.swift */,
				DDCBFDBE2BADFD8A002E8FA0 /* ProgressCollectionViewCell.swift */,
				DD7803E82BACBE65007770A1 /* DetailsHabitsViewController.swift */,
				DD7803ED2BACD7A6007770A1 /* CreateHabitsViewController.swift */,
			);
			path = HabitsFlow;
			sourceTree = "<group>";
		};
		DD7803DE2BAB1BEB007770A1 /* Modules */ = {
			isa = PBXGroup;
			children = (
				DDCBFDC02BADFDF6002E8FA0 /* Extension */,
				DD7803DA2BAB1498007770A1 /* AppDelegate */,
				DD7803E12BAB1C23007770A1 /* InfoFlow */,
				DD7803DD2BAB1BD8007770A1 /* HabitsFlow */,
			);
			path = Modules;
			sourceTree = "<group>";
		};
		DD7803DF2BAB1BFD007770A1 /* TabBar */ = {
			isa = PBXGroup;
			children = (
				DD7803DB2BAB1953007770A1 /* TabViewController.swift */,
			);
			path = TabBar;
			sourceTree = "<group>";
		};
		DD7803E12BAB1C23007770A1 /* InfoFlow */ = {
			isa = PBXGroup;
			children = (
				DD7803D02BA8D63D007770A1 /* InfoViewController.swift */,
				DD7803D82BAA37B3007770A1 /* Info.swift */,
			);
			name = InfoFlow;
			sourceTree = "<group>";
		};
		DDCBFDC02BADFDF6002E8FA0 /* Extension */ = {
			isa = PBXGroup;
			children = (
				DDCBFDC12BADFE0E002E8FA0 /* Extentions.swift */,
			);
			path = Extension;
			sourceTree = "<group>";
		};
/* End PBXGroup section */

/* Begin PBXNativeTarget section */
		DD7803B82BA8D513007770A1 /* MyHabits */ = {
			isa = PBXNativeTarget;
			buildConfigurationList = DD7803CD2BA8D515007770A1 /* Build configuration list for PBXNativeTarget "MyHabits" */;
			buildPhases = (
				DD7803B52BA8D513007770A1 /* Sources */,
				DD7803B62BA8D513007770A1 /* Frameworks */,
				DD7803B72BA8D513007770A1 /* Resources */,
			);
			buildRules = (
			);
			dependencies = (
			);
			name = MyHabits;
			productName = MyHabits;
			productReference = DD7803B92BA8D513007770A1 /* MyHabits.app */;
			productType = "com.apple.product-type.application";
		};
/* End PBXNativeTarget section */

/* Begin PBXProject section */
		DD7803B12BA8D513007770A1 /* Project object */ = {
			isa = PBXProject;
			attributes = {
				BuildIndependentTargetsInParallel = 1;
				LastSwiftUpdateCheck = 1530;
				LastUpgradeCheck = 1530;
				TargetAttributes = {
					DD7803B82BA8D513007770A1 = {
						CreatedOnToolsVersion = 15.3;
					};
				};
			};
			buildConfigurationList = DD7803B42BA8D513007770A1 /* Build configuration list for PBXProject "MyHabits" */;
			compatibilityVersion = "Xcode 14.0";
			developmentRegion = en;
			hasScannedForEncodings = 0;
			knownRegions = (
				en,
				Base,
			);
			mainGroup = DD7803B02BA8D513007770A1;
			productRefGroup = DD7803BA2BA8D513007770A1 /* Products */;
			projectDirPath = "";
			projectRoot = "";
			targets = (
				DD7803B82BA8D513007770A1 /* MyHabits */,
			);
		};
/* End PBXProject section */

/* Begin PBXResourcesBuildPhase section */
		DD7803B72BA8D513007770A1 /* Resources */ = {
			isa = PBXResourcesBuildPhase;
			buildActionMask = 2147483647;
			files = (
				DD7803C62BA8D515007770A1 /* Assets.xcassets in Resources */,
				DD7803C92BA8D515007770A1 /* Base in Resources */,
			);
			runOnlyForDeploymentPostprocessing = 0;
		};
/* End PBXResourcesBuildPhase section */

/* Begin PBXSourcesBuildPhase section */
		DD7803B52BA8D513007770A1 /* Sources */ = {
			isa = PBXSourcesBuildPhase;
			buildActionMask = 2147483647;
			files = (
				DD7803E52BAB1CBD007770A1 /* HabitsStore.swift in Sources */,
				DD7803BD2BA8D513007770A1 /* AppDelegate.swift in Sources */,
				DD7803D12BA8D63D007770A1 /* InfoViewController.swift in Sources */,
				DD7803F02BACD846007770A1 /* HabitsViewController.swift in Sources */,
				DD7803EE2BACD7A6007770A1 /* CreateHabitsViewController.swift in Sources */,
				DDCBFDBF2BADFD8A002E8FA0 /* ProgressCollectionViewCell.swift in Sources */,
				DD7803BF2BA8D513007770A1 /* SceneDelegate.swift in Sources */,
				DDCBFDC42BAE151F002E8FA0 /* MyHabitsCollectionViewCell.swift in Sources */,
				DD7803D92BAA37B3007770A1 /* Info.swift in Sources */,
				DDCBFDC22BADFE0E002E8FA0 /* Extentions.swift in Sources */,
				DD7803DC2BAB1953007770A1 /* TabViewController.swift in Sources */,
				DD7803E92BACBE65007770A1 /* DetailsHabitsViewController.swift in Sources */,
				DD7803D32BA8D656007770A1 /* MyHabitsViewController.swift in Sources */,
			);
			runOnlyForDeploymentPostprocessing = 0;
		};
/* End PBXSourcesBuildPhase section */

/* Begin PBXVariantGroup section */
		DD7803C72BA8D515007770A1 /* LaunchScreen.storyboard */ = {
			isa = PBXVariantGroup;
			children = (
				DD7803C82BA8D515007770A1 /* Base */,
			);
			name = LaunchScreen.storyboard;
			sourceTree = "<group>";
		};
/* End PBXVariantGroup section */

/* Begin XCBuildConfiguration section */
		DD7803CB2BA8D515007770A1 /* Debug */ = {
			isa = XCBuildConfiguration;
			buildSettings = {
				ALWAYS_SEARCH_USER_PATHS = NO;
				ASSETCATALOG_COMPILER_GENERATE_SWIFT_ASSET_SYMBOL_EXTENSIONS = YES;
				CLANG_ANALYZER_NONNULL = YES;
				CLANG_ANALYZER_NUMBER_OBJECT_CONVERSION = YES_AGGRESSIVE;
				CLANG_CXX_LANGUAGE_STANDARD = "gnu++20";
				CLANG_ENABLE_MODULES = YES;
				CLANG_ENABLE_OBJC_ARC = YES;
				CLANG_ENABLE_OBJC_WEAK = YES;
				CLANG_WARN_BLOCK_CAPTURE_AUTORELEASING = YES;
				CLANG_WARN_BOOL_CONVERSION = YES;
				CLANG_WARN_COMMA = YES;
				CLANG_WARN_CONSTANT_CONVERSION = YES;
				CLANG_WARN_DEPRECATED_OBJC_IMPLEMENTATIONS = YES;
				CLANG_WARN_DIRECT_OBJC_ISA_USAGE = YES_ERROR;
				CLANG_WARN_DOCUMENTATION_COMMENTS = YES;
				CLANG_WARN_EMPTY_BODY = YES;
				CLANG_WARN_ENUM_CONVERSION = YES;
				CLANG_WARN_INFINITE_RECURSION = YES;
				CLANG_WARN_INT_CONVERSION = YES;
				CLANG_WARN_NON_LITERAL_NULL_CONVERSION = YES;
				CLANG_WARN_OBJC_IMPLICIT_RETAIN_SELF = YES;
				CLANG_WARN_OBJC_LITERAL_CONVERSION = YES;
				CLANG_WARN_OBJC_ROOT_CLASS = YES_ERROR;
				CLANG_WARN_QUOTED_INCLUDE_IN_FRAMEWORK_HEADER = YES;
				CLANG_WARN_RANGE_LOOP_ANALYSIS = YES;
				CLANG_WARN_STRICT_PROTOTYPES = YES;
				CLANG_WARN_SUSPICIOUS_MOVE = YES;
				CLANG_WARN_UNGUARDED_AVAILABILITY = YES_AGGRESSIVE;
				CLANG_WARN_UNREACHABLE_CODE = YES;
				CLANG_WARN__DUPLICATE_METHOD_MATCH = YES;
				COPY_PHASE_STRIP = NO;
				DEBUG_INFORMATION_FORMAT = dwarf;
				ENABLE_STRICT_OBJC_MSGSEND = YES;
				ENABLE_TESTABILITY = YES;
				ENABLE_USER_SCRIPT_SANDBOXING = YES;
				GCC_C_LANGUAGE_STANDARD = gnu17;
				GCC_DYNAMIC_NO_PIC = NO;
				GCC_NO_COMMON_BLOCKS = YES;
				GCC_OPTIMIZATION_LEVEL = 0;
				GCC_PREPROCESSOR_DEFINITIONS = (
					"DEBUG=1",
					"$(inherited)",
				);
				GCC_WARN_64_TO_32_BIT_CONVERSION = YES;
				GCC_WARN_ABOUT_RETURN_TYPE = YES_ERROR;
				GCC_WARN_UNDECLARED_SELECTOR = YES;
				GCC_WARN_UNINITIALIZED_AUTOS = YES_AGGRESSIVE;
				GCC_WARN_UNUSED_FUNCTION = YES;
				GCC_WARN_UNUSED_VARIABLE = YES;
				IPHONEOS_DEPLOYMENT_TARGET = 17.4;
				LOCALIZATION_PREFERS_STRING_CATALOGS = YES;
				MTL_ENABLE_DEBUG_INFO = INCLUDE_SOURCE;
				MTL_FAST_MATH = YES;
				ONLY_ACTIVE_ARCH = YES;
				SDKROOT = iphoneos;
				SWIFT_ACTIVE_COMPILATION_CONDITIONS = "DEBUG $(inherited)";
				SWIFT_OPTIMIZATION_LEVEL = "-Onone";
			};
			name = Debug;
		};
		DD7803CC2BA8D515007770A1 /* Release */ = {
			isa = XCBuildConfiguration;
			buildSettings = {
				ALWAYS_SEARCH_USER_PATHS = NO;
				ASSETCATALOG_COMPILER_GENERATE_SWIFT_ASSET_SYMBOL_EXTENSIONS = YES;
				CLANG_ANALYZER_NONNULL = YES;
				CLANG_ANALYZER_NUMBER_OBJECT_CONVERSION = YES_AGGRESSIVE;
				CLANG_CXX_LANGUAGE_STANDARD = "gnu++20";
				CLANG_ENABLE_MODULES = YES;
				CLANG_ENABLE_OBJC_ARC = YES;
				CLANG_ENABLE_OBJC_WEAK = YES;
				CLANG_WARN_BLOCK_CAPTURE_AUTORELEASING = YES;
				CLANG_WARN_BOOL_CONVERSION = YES;
				CLANG_WARN_COMMA = YES;
				CLANG_WARN_CONSTANT_CONVERSION = YES;
				CLANG_WARN_DEPRECATED_OBJC_IMPLEMENTATIONS = YES;
				CLANG_WARN_DIRECT_OBJC_ISA_USAGE = YES_ERROR;
				CLANG_WARN_DOCUMENTATION_COMMENTS = YES;
				CLANG_WARN_EMPTY_BODY = YES;
				CLANG_WARN_ENUM_CONVERSION = YES;
				CLANG_WARN_INFINITE_RECURSION = YES;
				CLANG_WARN_INT_CONVERSION = YES;
				CLANG_WARN_NON_LITERAL_NULL_CONVERSION = YES;
				CLANG_WARN_OBJC_IMPLICIT_RETAIN_SELF = YES;
				CLANG_WARN_OBJC_LITERAL_CONVERSION = YES;
				CLANG_WARN_OBJC_ROOT_CLASS = YES_ERROR;
				CLANG_WARN_QUOTED_INCLUDE_IN_FRAMEWORK_HEADER = YES;
				CLANG_WARN_RANGE_LOOP_ANALYSIS = YES;
				CLANG_WARN_STRICT_PROTOTYPES = YES;
				CLANG_WARN_SUSPICIOUS_MOVE = YES;
				CLANG_WARN_UNGUARDED_AVAILABILITY = YES_AGGRESSIVE;
				CLANG_WARN_UNREACHABLE_CODE = YES;
				CLANG_WARN__DUPLICATE_METHOD_MATCH = YES;
				COPY_PHASE_STRIP = NO;
				DEBUG_INFORMATION_FORMAT = "dwarf-with-dsym";
				ENABLE_NS_ASSERTIONS = NO;
				ENABLE_STRICT_OBJC_MSGSEND = YES;
				ENABLE_USER_SCRIPT_SANDBOXING = YES;
				GCC_C_LANGUAGE_STANDARD = gnu17;
				GCC_NO_COMMON_BLOCKS = YES;
				GCC_WARN_64_TO_32_BIT_CONVERSION = YES;
				GCC_WARN_ABOUT_RETURN_TYPE = YES_ERROR;
				GCC_WARN_UNDECLARED_SELECTOR = YES;
				GCC_WARN_UNINITIALIZED_AUTOS = YES_AGGRESSIVE;
				GCC_WARN_UNUSED_FUNCTION = YES;
				GCC_WARN_UNUSED_VARIABLE = YES;
				IPHONEOS_DEPLOYMENT_TARGET = 17.4;
				LOCALIZATION_PREFERS_STRING_CATALOGS = YES;
				MTL_ENABLE_DEBUG_INFO = NO;
				MTL_FAST_MATH = YES;
				SDKROOT = iphoneos;
				SWIFT_COMPILATION_MODE = wholemodule;
				VALIDATE_PRODUCT = YES;
			};
			name = Release;
		};
		DD7803CE2BA8D515007770A1 /* Debug */ = {
			isa = XCBuildConfiguration;
			buildSettings = {
				ASSETCATALOG_COMPILER_APPICON_NAME = AppIcon;
				ASSETCATALOG_COMPILER_GLOBAL_ACCENT_COLOR_NAME = AccentColor;
				CODE_SIGN_STYLE = Automatic;
				CURRENT_PROJECT_VERSION = 1;
				GENERATE_INFOPLIST_FILE = YES;
				INFOPLIST_FILE = MyHabits/Info.plist;
				INFOPLIST_KEY_UIApplicationSupportsIndirectInputEvents = YES;
				INFOPLIST_KEY_UILaunchStoryboardName = LaunchScreen;
				INFOPLIST_KEY_UISupportedInterfaceOrientations = "UIInterfaceOrientationLandscapeLeft UIInterfaceOrientationLandscapeRight UIInterfaceOrientationPortrait";
				IPHONEOS_DEPLOYMENT_TARGET = 15.0;
				LD_RUNPATH_SEARCH_PATHS = (
					"$(inherited)",
					"@executable_path/Frameworks",
				);
				MARKETING_VERSION = 1.0;
				PRODUCT_BUNDLE_IDENTIFIER = ru.uzumko.MyHabits;
				PRODUCT_NAME = "$(TARGET_NAME)";
				SUPPORTED_PLATFORMS = "iphoneos iphonesimulator";
				SUPPORTS_MACCATALYST = NO;
				SUPPORTS_MAC_DESIGNED_FOR_IPHONE_IPAD = NO;
				SUPPORTS_XR_DESIGNED_FOR_IPHONE_IPAD = NO;
				SWIFT_EMIT_LOC_STRINGS = YES;
				SWIFT_VERSION = 5.0;
				TARGETED_DEVICE_FAMILY = "1,2";
			};
			name = Debug;
		};
		DD7803CF2BA8D515007770A1 /* Release */ = {
			isa = XCBuildConfiguration;
			buildSettings = {
				ASSETCATALOG_COMPILER_APPICON_NAME = AppIcon;
				ASSETCATALOG_COMPILER_GLOBAL_ACCENT_COLOR_NAME = AccentColor;
				CODE_SIGN_STYLE = Automatic;
				CURRENT_PROJECT_VERSION = 1;
				GENERATE_INFOPLIST_FILE = YES;
				INFOPLIST_FILE = MyHabits/Info.plist;
				INFOPLIST_KEY_UIApplicationSupportsIndirectInputEvents = YES;
				INFOPLIST_KEY_UILaunchStoryboardName = LaunchScreen;
				INFOPLIST_KEY_UISupportedInterfaceOrientations = "UIInterfaceOrientationLandscapeLeft UIInterfaceOrientationLandscapeRight UIInterfaceOrientationPortrait";
				IPHONEOS_DEPLOYMENT_TARGET = 15.0;
				LD_RUNPATH_SEARCH_PATHS = (
					"$(inherited)",
					"@executable_path/Frameworks",
				);
				MARKETING_VERSION = 1.0;
				PRODUCT_BUNDLE_IDENTIFIER = ru.uzumko.MyHabits;
				PRODUCT_NAME = "$(TARGET_NAME)";
				SUPPORTED_PLATFORMS = "iphoneos iphonesimulator";
				SUPPORTS_MACCATALYST = NO;
				SUPPORTS_MAC_DESIGNED_FOR_IPHONE_IPAD = NO;
				SUPPORTS_XR_DESIGNED_FOR_IPHONE_IPAD = NO;
				SWIFT_EMIT_LOC_STRINGS = YES;
				SWIFT_VERSION = 5.0;
				TARGETED_DEVICE_FAMILY = "1,2";
			};
			name = Release;
		};
/* End XCBuildConfiguration section */

/* Begin XCConfigurationList section */
		DD7803B42BA8D513007770A1 /* Build configuration list for PBXProject "MyHabits" */ = {
			isa = XCConfigurationList;
			buildConfigurations = (
				DD7803CB2BA8D515007770A1 /* Debug */,
				DD7803CC2BA8D515007770A1 /* Release */,
			);
			defaultConfigurationIsVisible = 0;
			defaultConfigurationName = Release;
		};
		DD7803CD2BA8D515007770A1 /* Build configuration list for PBXNativeTarget "MyHabits" */ = {
			isa = XCConfigurationList;
			buildConfigurations = (
				DD7803CE2BA8D515007770A1 /* Debug */,
				DD7803CF2BA8D515007770A1 /* Release */,
			);
			defaultConfigurationIsVisible = 0;
			defaultConfigurationName = Release;
		};
/* End XCConfigurationList section */
	};
	rootObject = DD7803B12BA8D513007770A1 /* Project object */;
}
